
Microsoft Visual Studio Solution File, Format Version 12.00
# Visual Studio Version 16
VisualStudioVersion = 16.0.30907.101
MinimumVisualStudioVersion = 10.0.40219.1
Project("{9A19103F-16F7-4668-BE54-9A1E7A4F7556}") = "Task1", "Task1\Task1.csproj", "{8DE3F8D9-B93A-41F5-9B38-4EBD2201E5CD}"
EndProject
Project("{9A19103F-16F7-4668-BE54-9A1E7A4F7556}") = "Task2", "Task2\Task2.csproj", "{7F7587E8-B643-4057-AD0A-58C30D612052}"
EndProject
Project("{9A19103F-16F7-4668-BE54-9A1E7A4F7556}") = "Task3", "Task3\Task3.csproj", "{EF82ED6F-768D-460C-8541-0204C8FF88DC}"
EndProject
Project("{FAE04EC0-301F-11D3-BF4B-00C04F79EFBC}") = "Task4", "Task4\Task4.csproj", "{8F6DD5C3-49D0-4796-BE40-E25AB137944F}"
EndProject
Project("{FAE04EC0-301F-11D3-BF4B-00C04F79EFBC}") = "ConsoleApp1", "ConsoleApp1\ConsoleApp1.csproj", "{9985BDCE-8173-4A13-86C1-BDAD836CDEBA}"
EndProject
Global
	GlobalSection(SolutionConfigurationPlatforms) = preSolution
		Debug|Any CPU = Debug|Any CPU
		Release|Any CPU = Release|Any CPU
	EndGlobalSection
	GlobalSection(ProjectConfigurationPlatforms) = postSolution
		{8DE3F8D9-B93A-41F5-9B38-4EBD2201E5CD}.Debug|Any CPU.ActiveCfg = Debug|Any CPU
		{8DE3F8D9-B93A-41F5-9B38-4EBD2201E5CD}.Debug|Any CPU.Build.0 = Debug|Any CPU
		{8DE3F8D9-B93A-41F5-9B38-4EBD2201E5CD}.Release|Any CPU.ActiveCfg = Release|Any CPU
		{8DE3F8D9-B93A-41F5-9B38-4EBD2201E5CD}.Release|Any CPU.Build.0 = Release|Any CPU
		{7F7587E8-B643-4057-AD0A-58C30D612052}.Debug|Any CPU.ActiveCfg = Debug|Any CPU
		{7F7587E8-B643-4057-AD0A-58C30D612052}.Debug|Any CPU.Build.0 = Debug|Any CPU
		{7F7587E8-B643-4057-AD0A-58C30D612052}.Release|Any CPU.ActiveCfg = Release|Any CPU
		{7F7587E8-B643-4057-AD0A-58C30D612052}.Release|Any CPU.Build.0 = Release|Any CPU
		{EF82ED6F-768D-460C-8541-0204C8FF88DC}.Debug|Any CPU.ActiveCfg = Debug|Any CPU
		{EF82ED6F-768D-460C-8541-0204C8FF88DC}.Debug|Any CPU.Build.0 = Debug|Any CPU
		{EF82ED6F-768D-460C-8541-0204C8FF88DC}.Release|Any CPU.ActiveCfg = Release|Any CPU
		{EF82ED6F-768D-460C-8541-0204C8FF88DC}.Release|Any CPU.Build.0 = Release|Any CPU
		{8F6DD5C3-49D0-4796-BE40-E25AB137944F}.Debug|Any CPU.ActiveCfg = Debug|Any CPU
		{8F6DD5C3-49D0-4796-BE40-E25AB137944F}.Debug|Any CPU.Build.0 = Debug|Any CPU
		{8F6DD5C3-49D0-4796-BE40-E25AB137944F}.Release|Any CPU.ActiveCfg = Release|Any CPU
		{8F6DD5C3-49D0-4796-BE40-E25AB137944F}.Release|Any CPU.Build.0 = Release|Any CPU
		{9985BDCE-8173-4A13-86C1-BDAD836CDEBA}.Debug|Any CPU.ActiveCfg = Debug|Any CPU
		{9985BDCE-8173-4A13-86C1-BDAD836CDEBA}.Debug|Any CPU.Build.0 = Debug|Any CPU
		{9985BDCE-8173-4A13-86C1-BDAD836CDEBA}.Release|Any CPU.ActiveCfg = Release|Any CPU
		{9985BDCE-8173-4A13-86C1-BDAD836CDEBA}.Release|Any CPU.Build.0 = Release|Any CPU
	EndGlobalSection
	GlobalSection(SolutionProperties) = preSolution
		HideSolutionNode = FALSE
	EndGlobalSection
	GlobalSection(ExtensibilityGlobals) = postSolution
		SolutionGuid = {A53BD948-CB90-4C77-8795-C8BFAF373D3F}
	EndGlobalSection
EndGlobal
